# This file is automatically @generated by Wally.
# It is not intended for manual editing.
registry = "test"

[[package]]
name = "howmanysmall/janitor"
version = "1.14.1"
dependencies = []

[[package]]
name = "osyrisrblx/t"
version = "3.0.0"
dependencies = []

[[package]]
name = "tkg/plugins"
version = "0.1.0"
dependencies = [["Janitor", "howmanysmall/janitor@1.14.1"], ["t", "osyrisrblx/t@3.0.0"]]
